
Microsoft Visual Studio Solution File, Format Version 12.00
# Visual Studio Version 17
VisualStudioVersion = 17.1.32228.430
MinimumVisualStudioVersion = 10.0.40219.1
Project("{9A19103F-16F7-4668-BE54-9A1E7A4F7556}") = "Lox", "Lox\Lox.csproj", "{CC747C1A-91B7-4F1E-839B-B272AF1A00C9}"
EndProject
Global
	GlobalSection(SolutionConfigurationPlatforms) = preSolution
		Debug|Any CPU = Debug|Any CPU
		Release|Any CPU = Release|Any CPU
	EndGlobalSection
	GlobalSection(ProjectConfigurationPlatforms) = postSolution
		{CC747C1A-91B7-4F1E-839B-B272AF1A00C9}.Debug|Any CPU.ActiveCfg = Debug|Any CPU
		{CC747C1A-91B7-4F1E-839B-B272AF1A00C9}.Debug|Any CPU.Build.0 = Debug|Any CPU
		{CC747C1A-91B7-4F1E-839B-B272AF1A00C9}.Release|Any CPU.ActiveCfg = Release|Any CPU
		{CC747C1A-91B7-4F1E-839B-B272AF1A00C9}.Release|Any CPU.Build.0 = Release|Any CPU
	EndGlobalSection
	GlobalSection(SolutionProperties) = preSolution
		HideSolutionNode = FALSE
	EndGlobalSection
	GlobalSection(ExtensibilityGlobals) = postSolution
		SolutionGuid = {B9C3F906-EE62-477C-8C3D-42BFD99F294A}
	EndGlobalSection
EndGlobal
